{
  "name": "example-service",
  "version": "0.1.0",
  "lockfileVersion": 3,
  "requires": true,
  "packages": {
    "": {
      "name": "example-service",
      "version": "0.1.0",
      "bin": {
        "example-service": "index.js"
      },
      "engines": {
        "node": ">=22"
      }
    }
  }
}
